
Microsoft Visual Studio Solution File, Format Version 12.00
# Visual Studio Version 17
VisualStudioVersion = 17.8.0.0
MinimumVisualStudioVersion = 17.8.0.0
Project("{9A19103F-16F7-4668-BE54-9A1E7A4F7556}") = "anamnys-aspire.AppHost", "anamnys-aspire.AppHost\anamnys-aspire.AppHost.csproj", "{A0022BAE-1AD7-4F66-98B1-442602FBA027}"
EndProject
Project("{9A19103F-16F7-4668-BE54-9A1E7A4F7556}") = "anamnys-aspire.Server", "anamnys-aspire.Server\anamnys-aspire.Server.csproj", "{D6B0539F-3335-4212-B5D9-18E013EF9A05}"
EndProject
Project("{54A90642-561A-4BB1-A94E-469ADEE60C69}") = "web", "apps\web\web.esproj", "{1F45E2C7-F184-4E3B-9630-51650FD6971D}"
EndProject
Project("{54A90642-561A-4BB1-A94E-469ADEE60C69}") = "provider", "apps\provider\provider.esproj", "{7173E011-8E4F-4199-8E91-5B532729C0D0}"
EndProject
Project("{54A90642-561A-4BB1-A94E-469ADEE60C69}") = "patient", "apps\patient\patient.esproj", "{80E9D559-7A55-4A2B-AB96-4F5727505323}"
EndProject
Project("{FAE04EC0-301F-11D3-BF4B-00C04F79EFBC}") = "anamnys-aspire.Tests", "anamnys-aspire.Tests\anamnys-aspire.Tests.csproj", "{5A20D9CB-67AE-45C1-BECA-6CBCCD3DEEB9}"
EndProject
Global
	GlobalSection(SolutionConfigurationPlatforms) = preSolution
		Debug|Any CPU = Debug|Any CPU
		Debug|x64 = Debug|x64
		Debug|x86 = Debug|x86
		Release|Any CPU = Release|Any CPU
		Release|x64 = Release|x64
		Release|x86 = Release|x86
	EndGlobalSection
	GlobalSection(ProjectConfigurationPlatforms) = postSolution
		{A0022BAE-1AD7-4F66-98B1-442602FBA027}.Debug|Any CPU.ActiveCfg = Debug|Any CPU
		{A0022BAE-1AD7-4F66-98B1-442602FBA027}.Debug|Any CPU.Build.0 = Debug|Any CPU
		{A0022BAE-1AD7-4F66-98B1-442602FBA027}.Debug|x64.ActiveCfg = Debug|Any CPU
		{A0022BAE-1AD7-4F66-98B1-442602FBA027}.Debug|x64.Build.0 = Debug|Any CPU
		{A0022BAE-1AD7-4F66-98B1-442602FBA027}.Debug|x86.ActiveCfg = Debug|Any CPU
		{A0022BAE-1AD7-4F66-98B1-442602FBA027}.Debug|x86.Build.0 = Debug|Any CPU
		{A0022BAE-1AD7-4F66-98B1-442602FBA027}.Release|Any CPU.ActiveCfg = Release|Any CPU
		{A0022BAE-1AD7-4F66-98B1-442602FBA027}.Release|Any CPU.Build.0 = Release|Any CPU
		{A0022BAE-1AD7-4F66-98B1-442602FBA027}.Release|x64.ActiveCfg = Release|Any CPU
		{A0022BAE-1AD7-4F66-98B1-442602FBA027}.Release|x64.Build.0 = Release|Any CPU
		{A0022BAE-1AD7-4F66-98B1-442602FBA027}.Release|x86.ActiveCfg = Release|Any CPU
		{A0022BAE-1AD7-4F66-98B1-442602FBA027}.Release|x86.Build.0 = Release|Any CPU
		{D6B0539F-3335-4212-B5D9-18E013EF9A05}.Debug|Any CPU.ActiveCfg = Debug|Any CPU
		{D6B0539F-3335-4212-B5D9-18E013EF9A05}.Debug|Any CPU.Build.0 = Debug|Any CPU
		{D6B0539F-3335-4212-B5D9-18E013EF9A05}.Debug|x64.ActiveCfg = Debug|Any CPU
		{D6B0539F-3335-4212-B5D9-18E013EF9A05}.Debug|x64.Build.0 = Debug|Any CPU
		{D6B0539F-3335-4212-B5D9-18E013EF9A05}.Debug|x86.ActiveCfg = Debug|Any CPU
		{D6B0539F-3335-4212-B5D9-18E013EF9A05}.Debug|x86.Build.0 = Debug|Any CPU
		{D6B0539F-3335-4212-B5D9-18E013EF9A05}.Release|Any CPU.ActiveCfg = Release|Any CPU
		{D6B0539F-3335-4212-B5D9-18E013EF9A05}.Release|Any CPU.Build.0 = Release|Any CPU
		{D6B0539F-3335-4212-B5D9-18E013EF9A05}.Release|x64.ActiveCfg = Release|Any CPU
		{D6B0539F-3335-4212-B5D9-18E013EF9A05}.Release|x64.Build.0 = Release|Any CPU
		{D6B0539F-3335-4212-B5D9-18E013EF9A05}.Release|x86.ActiveCfg = Release|Any CPU
		{D6B0539F-3335-4212-B5D9-18E013EF9A05}.Release|x86.Build.0 = Release|Any CPU
		{1F45E2C7-F184-4E3B-9630-51650FD6971D}.Debug|Any CPU.ActiveCfg = Debug|Any CPU
		{1F45E2C7-F184-4E3B-9630-51650FD6971D}.Debug|Any CPU.Build.0 = Debug|Any CPU
		{1F45E2C7-F184-4E3B-9630-51650FD6971D}.Debug|x64.ActiveCfg = Debug|x64
		{1F45E2C7-F184-4E3B-9630-51650FD6971D}.Debug|x86.ActiveCfg = Debug|x86
		{1F45E2C7-F184-4E3B-9630-51650FD6971D}.Release|Any CPU.ActiveCfg = Release|Any CPU
		{1F45E2C7-F184-4E3B-9630-51650FD6971D}.Release|Any CPU.Build.0 = Release|Any CPU
		{1F45E2C7-F184-4E3B-9630-51650FD6971D}.Release|x64.ActiveCfg = Release|x64
		{1F45E2C7-F184-4E3B-9630-51650FD6971D}.Release|x86.ActiveCfg = Release|x86
		{7173E011-8E4F-4199-8E91-5B532729C0D0}.Debug|Any CPU.ActiveCfg = Debug|Any CPU
		{7173E011-8E4F-4199-8E91-5B532729C0D0}.Debug|Any CPU.Build.0 = Debug|Any CPU
		{7173E011-8E4F-4199-8E91-5B532729C0D0}.Debug|x64.ActiveCfg = Debug|x64
		{7173E011-8E4F-4199-8E91-5B532729C0D0}.Debug|x86.ActiveCfg = Debug|x86
		{7173E011-8E4F-4199-8E91-5B532729C0D0}.Release|Any CPU.ActiveCfg = Release|Any CPU
		{7173E011-8E4F-4199-8E91-5B532729C0D0}.Release|Any CPU.Build.0 = Release|Any CPU
		{7173E011-8E4F-4199-8E91-5B532729C0D0}.Release|x64.ActiveCfg = Release|x64
		{7173E011-8E4F-4199-8E91-5B532729C0D0}.Release|x86.ActiveCfg = Release|x86
		{80E9D559-7A55-4A2B-AB96-4F5727505323}.Debug|Any CPU.ActiveCfg = Debug|Any CPU
		{80E9D559-7A55-4A2B-AB96-4F5727505323}.Debug|Any CPU.Build.0 = Debug|Any CPU
		{80E9D559-7A55-4A2B-AB96-4F5727505323}.Debug|x64.ActiveCfg = Debug|x64
		{80E9D559-7A55-4A2B-AB96-4F5727505323}.Debug|x86.ActiveCfg = Debug|x86
		{80E9D559-7A55-4A2B-AB96-4F5727505323}.Release|Any CPU.ActiveCfg = Release|Any CPU
		{80E9D559-7A55-4A2B-AB96-4F5727505323}.Release|Any CPU.Build.0 = Release|Any CPU
		{80E9D559-7A55-4A2B-AB96-4F5727505323}.Release|x64.ActiveCfg = Release|x64
		{80E9D559-7A55-4A2B-AB96-4F5727505323}.Release|x86.ActiveCfg = Release|x86
		{5A20D9CB-67AE-45C1-BECA-6CBCCD3DEEB9}.Debug|Any CPU.ActiveCfg = Debug|Any CPU
		{5A20D9CB-67AE-45C1-BECA-6CBCCD3DEEB9}.Debug|Any CPU.Build.0 = Debug|Any CPU
		{5A20D9CB-67AE-45C1-BECA-6CBCCD3DEEB9}.Debug|x64.ActiveCfg = Debug|Any CPU
		{5A20D9CB-67AE-45C1-BECA-6CBCCD3DEEB9}.Debug|x64.Build.0 = Debug|Any CPU
		{5A20D9CB-67AE-45C1-BECA-6CBCCD3DEEB9}.Debug|x86.ActiveCfg = Debug|Any CPU
		{5A20D9CB-67AE-45C1-BECA-6CBCCD3DEEB9}.Debug|x86.Build.0 = Debug|Any CPU
		{5A20D9CB-67AE-45C1-BECA-6CBCCD3DEEB9}.Release|Any CPU.ActiveCfg = Release|Any CPU
		{5A20D9CB-67AE-45C1-BECA-6CBCCD3DEEB9}.Release|Any CPU.Build.0 = Release|Any CPU
		{5A20D9CB-67AE-45C1-BECA-6CBCCD3DEEB9}.Release|x64.ActiveCfg = Release|Any CPU
		{5A20D9CB-67AE-45C1-BECA-6CBCCD3DEEB9}.Release|x64.Build.0 = Release|Any CPU
		{5A20D9CB-67AE-45C1-BECA-6CBCCD3DEEB9}.Release|x86.ActiveCfg = Release|Any CPU
		{5A20D9CB-67AE-45C1-BECA-6CBCCD3DEEB9}.Release|x86.Build.0 = Release|Any CPU
	EndGlobalSection
	GlobalSection(SolutionProperties) = preSolution
		HideSolutionNode = FALSE
	EndGlobalSection
	GlobalSection(ExtensibilityGlobals) = postSolution
		SolutionGuid = {096C0DED-E084-4D37-B983-1DCF2B74EEA5}
	EndGlobalSection
EndGlobal
