Microsoft Visual Studio Solution File, Format Version 12.00
# Visual Studio Version 17
VisualStudioVersion = 17.8.0.0
MinimumVisualStudioVersion = 17.8.0.0
Project("{9A19103F-16F7-4668-BE54-9A1E7A4F7556}") = "anamnys-aspire.AppHost", "anamnys-aspire.AppHost\anamnys-aspire.AppHost.csproj", "{A0022BAE-1AD7-4F66-98B1-442602FBA027}"
EndProject
Project("{9A19103F-16F7-4668-BE54-9A1E7A4F7556}") = "anamnys-aspire.Server", "anamnys-aspire.Server\anamnys-aspire.Server.csproj", "{D6B0539F-3335-4212-B5D9-18E013EF9A05}"
EndProject
Project("{54A90642-561A-4BB1-A94E-469ADEE60C69}") = "frontend", "frontend\frontend.esproj", "{1F45E2C7-F184-4E3B-9630-51650FD6971D}"
EndProject

Global
	GlobalSection(SolutionConfigurationPlatforms) = preSolution
		Debug|Any CPU = Debug|Any CPU
		Release|Any CPU = Release|Any CPU
	EndGlobalSection
	GlobalSection(ProjectConfigurationPlatforms) = postSolution
		{A0022BAE-1AD7-4F66-98B1-442602FBA027}.Debug|Any CPU.ActiveCfg = Debug|Any CPU
		{A0022BAE-1AD7-4F66-98B1-442602FBA027}.Debug|Any CPU.Build.0 = Debug|Any CPU
		{A0022BAE-1AD7-4F66-98B1-442602FBA027}.Release|Any CPU.ActiveCfg = Release|Any CPU
		{A0022BAE-1AD7-4F66-98B1-442602FBA027}.Release|Any CPU.Build.0 = Release|Any CPU
		{D6B0539F-3335-4212-B5D9-18E013EF9A05}.Debug|Any CPU.ActiveCfg = Debug|Any CPU
		{D6B0539F-3335-4212-B5D9-18E013EF9A05}.Debug|Any CPU.Build.0 = Debug|Any CPU
		{D6B0539F-3335-4212-B5D9-18E013EF9A05}.Release|Any CPU.ActiveCfg = Release|Any CPU
		{D6B0539F-3335-4212-B5D9-18E013EF9A05}.Release|Any CPU.Build.0 = Release|Any CPU
		{1F45E2C7-F184-4E3B-9630-51650FD6971D}.Debug|Any CPU.ActiveCfg = Debug|Any CPU
		{1F45E2C7-F184-4E3B-9630-51650FD6971D}.Debug|Any CPU.Build.0 = Debug|Any CPU
		{1F45E2C7-F184-4E3B-9630-51650FD6971D}.Release|Any CPU.ActiveCfg = Release|Any CPU
		{1F45E2C7-F184-4E3B-9630-51650FD6971D}.Release|Any CPU.Build.0 = Release|Any CPU

	EndGlobalSection
	GlobalSection(SolutionProperties) = preSolution
		HideSolutionNode = FALSE
	EndGlobalSection
	GlobalSection(ExtensibilityGlobals) = postSolution
		SolutionGuid = {096C0DED-E084-4D37-B983-1DCF2B74EEA5}
	EndGlobalSection
EndGlobal
